
Microsoft Visual Studio Solution File, Format Version 12.00
# Visual Studio Version 16
VisualStudioVersion = 16.0.30320.27
MinimumVisualStudioVersion = 10.0.40219.1
Project("{FAE04EC0-301F-11D3-BF4B-00C04F79EFBC}") = "ExemploMongoDB", "ExemploMongoDB\ExemploMongoDB.csproj", "{BF4FDFA6-5A64-4FA9-A5D1-09FE7834C5A1}"
EndProject
Project("{FAE04EC0-301F-11D3-BF4B-00C04F79EFBC}") = "ExemploMongoDB.DAL", "ExemploMongo.DAL\ExemploMongoDB.DAL.csproj", "{0D94BDFB-ACA6-4D2D-89F2-B2E89109B676}"
EndProject
Project("{FAE04EC0-301F-11D3-BF4B-00C04F79EFBC}") = "ExemploMongoDB.BLL", "ExemploMongoDB.BLL\ExemploMongoDB.BLL.csproj", "{DCEB233E-C148-4436-91FC-18D4C88F1CB1}"
EndProject
Project("{FAE04EC0-301F-11D3-BF4B-00C04F79EFBC}") = "ExemploMongoDB.Models", "ExemploMongoDB.Models\ExemploMongoDB.Models.csproj", "{385DF018-BF79-4064-B844-321D95470B37}"
EndProject
Project("{E53339B2-1760-4266-BCC7-CA923CBCF16C}") = "docker-compose", "docker-compose.dcproj", "{DA349A02-657B-4B87-9BBD-4EEC8BA5D979}"
EndProject
Global
	GlobalSection(SolutionConfigurationPlatforms) = preSolution
		Debug|Any CPU = Debug|Any CPU
		Release|Any CPU = Release|Any CPU
	EndGlobalSection
	GlobalSection(ProjectConfigurationPlatforms) = postSolution
		{BF4FDFA6-5A64-4FA9-A5D1-09FE7834C5A1}.Debug|Any CPU.ActiveCfg = Debug|Any CPU
		{BF4FDFA6-5A64-4FA9-A5D1-09FE7834C5A1}.Debug|Any CPU.Build.0 = Debug|Any CPU
		{BF4FDFA6-5A64-4FA9-A5D1-09FE7834C5A1}.Release|Any CPU.ActiveCfg = Release|Any CPU
		{BF4FDFA6-5A64-4FA9-A5D1-09FE7834C5A1}.Release|Any CPU.Build.0 = Release|Any CPU
		{0D94BDFB-ACA6-4D2D-89F2-B2E89109B676}.Debug|Any CPU.ActiveCfg = Debug|Any CPU
		{0D94BDFB-ACA6-4D2D-89F2-B2E89109B676}.Debug|Any CPU.Build.0 = Debug|Any CPU
		{0D94BDFB-ACA6-4D2D-89F2-B2E89109B676}.Release|Any CPU.ActiveCfg = Release|Any CPU
		{0D94BDFB-ACA6-4D2D-89F2-B2E89109B676}.Release|Any CPU.Build.0 = Release|Any CPU
		{DCEB233E-C148-4436-91FC-18D4C88F1CB1}.Debug|Any CPU.ActiveCfg = Debug|Any CPU
		{DCEB233E-C148-4436-91FC-18D4C88F1CB1}.Debug|Any CPU.Build.0 = Debug|Any CPU
		{DCEB233E-C148-4436-91FC-18D4C88F1CB1}.Release|Any CPU.ActiveCfg = Release|Any CPU
		{DCEB233E-C148-4436-91FC-18D4C88F1CB1}.Release|Any CPU.Build.0 = Release|Any CPU
		{385DF018-BF79-4064-B844-321D95470B37}.Debug|Any CPU.ActiveCfg = Debug|Any CPU
		{385DF018-BF79-4064-B844-321D95470B37}.Debug|Any CPU.Build.0 = Debug|Any CPU
		{385DF018-BF79-4064-B844-321D95470B37}.Release|Any CPU.ActiveCfg = Release|Any CPU
		{385DF018-BF79-4064-B844-321D95470B37}.Release|Any CPU.Build.0 = Release|Any CPU
		{DA349A02-657B-4B87-9BBD-4EEC8BA5D979}.Debug|Any CPU.ActiveCfg = Debug|Any CPU
		{DA349A02-657B-4B87-9BBD-4EEC8BA5D979}.Debug|Any CPU.Build.0 = Debug|Any CPU
		{DA349A02-657B-4B87-9BBD-4EEC8BA5D979}.Release|Any CPU.ActiveCfg = Release|Any CPU
		{DA349A02-657B-4B87-9BBD-4EEC8BA5D979}.Release|Any CPU.Build.0 = Release|Any CPU
	EndGlobalSection
	GlobalSection(SolutionProperties) = preSolution
		HideSolutionNode = FALSE
	EndGlobalSection
	GlobalSection(ExtensibilityGlobals) = postSolution
		SolutionGuid = {06384618-CD50-4725-842C-E68BE8E0623F}
	EndGlobalSection
EndGlobal
